version: v2
locks:
  f/mil/auggie_supervised_advisory: 86e44b16c712b91aaf4cbb0ac73dc2045444b3532fb542aa9c52824d299b5e03
  f/mil/codex_worker: 7247cf8b0ddc5cf7d2bbc66b1a8038be893f09434d3607551e49bb2ef9e458f5
  f/mil/codex_worker_contract: 6262d08c56874f810959a792e1874d764ed10057517e406e78e56ddf46b888f5
  f/mil/fix_ci_or_review: df6eeda3f5ec4d7f9b6c122dcef50281365a90d81c37d3bfb0e136fc2709fa0c
  f/mil/flow_contract: 0b84ea893924c313d4c5b07a84be9e5b4ee35ca34238b80d42147a6214898353
  f/mil/github_commit_status: 9562496afca132f4d228f64c618de395851b384e29b1940aada2866f6e3b8b4a
  f/mil/github_webhook_router: 9fd83fe94d1bf39b2d31b591473823894ec78cbe46188d20c78bbf999cac7773
  f/mil/issue_to_plan: ef9d3dab0aac6c6d125b7323e021ac1ca745c2bcd15031e4a96c4ab1da3107a5
  f/mil/mem0_retrieve: 1ee15b49db7d861376e6cd140a40b8d952fff744bc2a2066cf79c22d2a242e0a
  f/mil/mem0_writeback: e78f005c21f5c3916cb254791bf94d50f13e68b16885e00cc0ba33bd54494106
  f/mil/memory_contract: 1ba768ed88a28bad4d6ff9ec356d163e69a5899972162b9677fbc2e74a01ae10
  f/mil/merge_controller: 0deb92743be38d7caafcff28b2b1be6ffa46bc8dead3c975d8282daa9c30d58d
  f/mil/plan_to_pr: 886f5b65a944530db626e2f727987c25db4e78835a3646f1c0d3655cd01f5f22
  f/mil/plan_to_pr_contract: 9e33d9fe87e5e3040dc4d345ddc764981aedf0ee60a9bd9b6ce1d129f898eeb4
  f/mil/pr_quality_gate: 6d0dc7489df2cf569d2c5545941e00949a815bdc1a93cb7041ba9751137bc0b7
